// !$*UTF8*$!
{
	archiveVersion = 1;
	classes = {
	};
	objectVersion = 56;
	objects = {

/* Begin PBXBuildFile section */
		0DCDC6182C4C7A3300C03D11 /* DessertRecipesByAbbyApp.swift in Sources */ = {isa = PBXBuildFile; fileRef = 0DCDC6172C4C7A3300C03D11 /* DessertRecipesByAbbyApp.swift */; };
		0DCDC61C2C4C7A3400C03D11 /* Assets.xcassets in Resources */ = {isa = PBXBuildFile; fileRef = 0DCDC61B2C4C7A3400C03D11 /* Assets.xcassets */; };
		0DCDC61F2C4C7A3400C03D11 /* Preview Assets.xcassets in Resources */ = {isa = PBXBuildFile; fileRef = 0DCDC61E2C4C7A3400C03D11 /* Preview Assets.xcassets */; };
		0DCDC62A2C4CBBBC00C03D11 /* MealService.swift in Sources */ = {isa = PBXBuildFile; fileRef = 0DCDC6292C4CBBBC00C03D11 /* MealService.swift */; };
		0DCDC62C2C4CC21E00C03D11 /* Meal.swift in Sources */ = {isa = PBXBuildFile; fileRef = 0DCDC62B2C4CC21E00C03D11 /* Meal.swift */; };
		0DCDC62E2C4CC23300C03D11 /* MealDetail.swift in Sources */ = {isa = PBXBuildFile; fileRef = 0DCDC62D2C4CC23300C03D11 /* MealDetail.swift */; };
		0DCDC6302C4CC26F00C03D11 /* MealViewModel.swift in Sources */ = {isa = PBXBuildFile; fileRef = 0DCDC62F2C4CC26F00C03D11 /* MealViewModel.swift */; };
		0DCDC6342C4CC2C000C03D11 /* MealListView.swift in Sources */ = {isa = PBXBuildFile; fileRef = 0DCDC6332C4CC2C000C03D11 /* MealListView.swift */; };
		0DCDC6362C4CC2D600C03D11 /* MealDetailView.swift in Sources */ = {isa = PBXBuildFile; fileRef = 0DCDC6352C4CC2D600C03D11 /* MealDetailView.swift */; };
		0DCDC6382C4CCEE100C03D11 /* ContentView.swift in Sources */ = {isa = PBXBuildFile; fileRef = 0DCDC6372C4CCEE100C03D11 /* ContentView.swift */; };
/* End PBXBuildFile section */

/* Begin PBXFileReference section */
		0DCDC6142C4C7A3300C03D11 /* DessertRecipesByAbby.app */ = {isa = PBXFileReference; explicitFileType = wrapper.application; includeInIndex = 0; path = DessertRecipesByAbby.app; sourceTree = BUILT_PRODUCTS_DIR; };
		0DCDC6172C4C7A3300C03D11 /* DessertRecipesByAbbyApp.swift */ = {isa = PBXFileReference; lastKnownFileType = sourcecode.swift; path = DessertRecipesByAbbyApp.swift; sourceTree = "<group>"; };
		0DCDC61B2C4C7A3400C03D11 /* Assets.xcassets */ = {isa = PBXFileReference; lastKnownFileType = folder.assetcatalog; path = Assets.xcassets; sourceTree = "<group>"; };
		0DCDC61E2C4C7A3400C03D11 /* Preview Assets.xcassets */ = {isa = PBXFileReference; lastKnownFileType = folder.assetcatalog; path = "Preview Assets.xcassets"; sourceTree = "<group>"; };
		0DCDC6292C4CBBBC00C03D11 /* MealService.swift */ = {isa = PBXFileReference; lastKnownFileType = sourcecode.swift; path = MealService.swift; sourceTree = "<group>"; };
		0DCDC62B2C4CC21E00C03D11 /* Meal.swift */ = {isa = PBXFileReference; lastKnownFileType = sourcecode.swift; path = Meal.swift; sourceTree = "<group>"; };
		0DCDC62D2C4CC23300C03D11 /* MealDetail.swift */ = {isa = PBXFileReference; lastKnownFileType = sourcecode.swift; path = MealDetail.swift; sourceTree = "<group>"; };
		0DCDC62F2C4CC26F00C03D11 /* MealViewModel.swift */ = {isa = PBXFileReference; lastKnownFileType = sourcecode.swift; path = MealViewModel.swift; sourceTree = "<group>"; };
		0DCDC6332C4CC2C000C03D11 /* MealListView.swift */ = {isa = PBXFileReference; lastKnownFileType = sourcecode.swift; path = MealListView.swift; sourceTree = "<group>"; };
		0DCDC6352C4CC2D600C03D11 /* MealDetailView.swift */ = {isa = PBXFileReference; lastKnownFileType = sourcecode.swift; path = MealDetailView.swift; sourceTree = "<group>"; };
		0DCDC6372C4CCEE100C03D11 /* ContentView.swift */ = {isa = PBXFileReference; lastKnownFileType = sourcecode.swift; path = ContentView.swift; sourceTree = "<group>"; };
/* End PBXFileReference section */

/* Begin PBXFrameworksBuildPhase section */
		0DCDC6112C4C7A3300C03D11 /* Frameworks */ = {
			isa = PBXFrameworksBuildPhase;
			buildActionMask = 2147483647;
			files = (
			);
			runOnlyForDeploymentPostprocessing = 0;
		};
/* End PBXFrameworksBuildPhase section */

/* Begin PBXGroup section */
		0DCDC60B2C4C7A3300C03D11 = {
			isa = PBXGroup;
			children = (
				0DCDC6162C4C7A3300C03D11 /* DessertRecipesByAbby */,
				0DCDC6152C4C7A3300C03D11 /* Products */,
			);
			sourceTree = "<group>";
		};
		0DCDC6152C4C7A3300C03D11 /* Products */ = {
			isa = PBXGroup;
			children = (
				0DCDC6142C4C7A3300C03D11 /* DessertRecipesByAbby.app */,
			);
			name = Products;
			sourceTree = "<group>";
		};
		0DCDC6162C4C7A3300C03D11 /* DessertRecipesByAbby */ = {
			isa = PBXGroup;
			children = (
				0DCDC6282C4CBA9D00C03D11 /* Views */,
				0DCDC6272C4CBA9000C03D11 /* Services */,
				0DCDC6262C4CBA6F00C03D11 /* ViewModels */,
				0DCDC6252C4C865D00C03D11 /* Models */,
				0DCDC6172C4C7A3300C03D11 /* DessertRecipesByAbbyApp.swift */,
				0DCDC61B2C4C7A3400C03D11 /* Assets.xcassets */,
				0DCDC61D2C4C7A3400C03D11 /* Preview Content */,
			);
			path = DessertRecipesByAbby;
			sourceTree = "<group>";
		};
		0DCDC61D2C4C7A3400C03D11 /* Preview Content */ = {
			isa = PBXGroup;
			children = (
				0DCDC61E2C4C7A3400C03D11 /* Preview Assets.xcassets */,
			);
			path = "Preview Content";
			sourceTree = "<group>";
		};
		0DCDC6252C4C865D00C03D11 /* Models */ = {
			isa = PBXGroup;
			children = (
				0DCDC62B2C4CC21E00C03D11 /* Meal.swift */,
				0DCDC62D2C4CC23300C03D11 /* MealDetail.swift */,
			);
			path = Models;
			sourceTree = "<group>";
		};
		0DCDC6262C4CBA6F00C03D11 /* ViewModels */ = {
			isa = PBXGroup;
			children = (
				0DCDC62F2C4CC26F00C03D11 /* MealViewModel.swift */,
			);
			path = ViewModels;
			sourceTree = "<group>";
		};
		0DCDC6272C4CBA9000C03D11 /* Services */ = {
			isa = PBXGroup;
			children = (
				0DCDC6292C4CBBBC00C03D11 /* MealService.swift */,
			);
			path = Services;
			sourceTree = "<group>";
		};
		0DCDC6282C4CBA9D00C03D11 /* Views */ = {
			isa = PBXGroup;
			children = (
				0DCDC6332C4CC2C000C03D11 /* MealListView.swift */,
				0DCDC6352C4CC2D600C03D11 /* MealDetailView.swift */,
				0DCDC6372C4CCEE100C03D11 /* ContentView.swift */,
			);
			path = Views;
			sourceTree = "<group>";
		};
/* End PBXGroup section */

/* Begin PBXNativeTarget section */
		0DCDC6132C4C7A3300C03D11 /* DessertRecipesByAbby */ = {
			isa = PBXNativeTarget;
			buildConfigurationList = 0DCDC6222C4C7A3400C03D11 /* Build configuration list for PBXNativeTarget "DessertRecipesByAbby" */;
			buildPhases = (
				0DCDC6102C4C7A3300C03D11 /* Sources */,
				0DCDC6112C4C7A3300C03D11 /* Frameworks */,
				0DCDC6122C4C7A3300C03D11 /* Resources */,
			);
			buildRules = (
			);
			dependencies = (
			);
			name = DessertRecipesByAbby;
			productName = DessertRecipesByAbby;
			productReference = 0DCDC6142C4C7A3300C03D11 /* DessertRecipesByAbby.app */;
			productType = "com.apple.product-type.application";
		};
/* End PBXNativeTarget section */

/* Begin PBXProject section */
		0DCDC60C2C4C7A3300C03D11 /* Project object */ = {
			isa = PBXProject;
			attributes = {
				BuildIndependentTargetsInParallel = 1;
				LastSwiftUpdateCheck = 1540;
				LastUpgradeCheck = 1540;
				TargetAttributes = {
					0DCDC6132C4C7A3300C03D11 = {
						CreatedOnToolsVersion = 15.4;
					};
				};
			};
			buildConfigurationList = 0DCDC60F2C4C7A3300C03D11 /* Build configuration list for PBXProject "DessertRecipesByAbby" */;
			compatibilityVersion = "Xcode 14.0";
			developmentRegion = en;
			hasScannedForEncodings = 0;
			knownRegions = (
				en,
				Base,
			);
			mainGroup = 0DCDC60B2C4C7A3300C03D11;
			productRefGroup = 0DCDC6152C4C7A3300C03D11 /* Products */;
			projectDirPath = "";
			projectRoot = "";
			targets = (
				0DCDC6132C4C7A3300C03D11 /* DessertRecipesByAbby */,
			);
		};
/* End PBXProject section */

/* Begin PBXResourcesBuildPhase section */
		0DCDC6122C4C7A3300C03D11 /* Resources */ = {
			isa = PBXResourcesBuildPhase;
			buildActionMask = 2147483647;
			files = (
				0DCDC61F2C4C7A3400C03D11 /* Preview Assets.xcassets in Resources */,
				0DCDC61C2C4C7A3400C03D11 /* Assets.xcassets in Resources */,
			);
			runOnlyForDeploymentPostprocessing = 0;
		};
/* End PBXResourcesBuildPhase section */

/* Begin PBXSourcesBuildPhase section */
		0DCDC6102C4C7A3300C03D11 /* Sources */ = {
			isa = PBXSourcesBuildPhase;
			buildActionMask = 2147483647;
			files = (
				0DCDC62E2C4CC23300C03D11 /* MealDetail.swift in Sources */,
				0DCDC62C2C4CC21E00C03D11 /* Meal.swift in Sources */,
				0DCDC6342C4CC2C000C03D11 /* MealListView.swift in Sources */,
				0DCDC62A2C4CBBBC00C03D11 /* MealService.swift in Sources */,
				0DCDC6382C4CCEE100C03D11 /* ContentView.swift in Sources */,
				0DCDC6182C4C7A3300C03D11 /* DessertRecipesByAbbyApp.swift in Sources */,
				0DCDC6302C4CC26F00C03D11 /* MealViewModel.swift in Sources */,
				0DCDC6362C4CC2D600C03D11 /* MealDetailView.swift in Sources */,
			);
			runOnlyForDeploymentPostprocessing = 0;
		};
/* End PBXSourcesBuildPhase section */

/* Begin XCBuildConfiguration section */
		0DCDC6202C4C7A3400C03D11 /* Debug */ = {
			isa = XCBuildConfiguration;
			buildSettings = {
				ALWAYS_SEARCH_USER_PATHS = NO;
				ASSETCATALOG_COMPILER_GENERATE_SWIFT_ASSET_SYMBOL_EXTENSIONS = YES;
				CLANG_ANALYZER_NONNULL = YES;
				CLANG_ANALYZER_NUMBER_OBJECT_CONVERSION = YES_AGGRESSIVE;
				CLANG_CXX_LANGUAGE_STANDARD = "gnu++20";
				CLANG_ENABLE_MODULES = YES;
				CLANG_ENABLE_OBJC_ARC = YES;
				CLANG_ENABLE_OBJC_WEAK = YES;
				CLANG_WARN_BLOCK_CAPTURE_AUTORELEASING = YES;
				CLANG_WARN_BOOL_CONVERSION = YES;
				CLANG_WARN_COMMA = YES;
				CLANG_WARN_CONSTANT_CONVERSION = YES;
				CLANG_WARN_DEPRECATED_OBJC_IMPLEMENTATIONS = YES;
				CLANG_WARN_DIRECT_OBJC_ISA_USAGE = YES_ERROR;
				CLANG_WARN_DOCUMENTATION_COMMENTS = YES;
				CLANG_WARN_EMPTY_BODY = YES;
				CLANG_WARN_ENUM_CONVERSION = YES;
				CLANG_WARN_INFINITE_RECURSION = YES;
				CLANG_WARN_INT_CONVERSION = YES;
				CLANG_WARN_NON_LITERAL_NULL_CONVERSION = YES;
				CLANG_WARN_OBJC_IMPLICIT_RETAIN_SELF = YES;
				CLANG_WARN_OBJC_LITERAL_CONVERSION = YES;
				CLANG_WARN_OBJC_ROOT_CLASS = YES_ERROR;
				CLANG_WARN_QUOTED_INCLUDE_IN_FRAMEWORK_HEADER = YES;
				CLANG_WARN_RANGE_LOOP_ANALYSIS = YES;
				CLANG_WARN_STRICT_PROTOTYPES = YES;
				CLANG_WARN_SUSPICIOUS_MOVE = YES;
				CLANG_WARN_UNGUARDED_AVAILABILITY = YES_AGGRESSIVE;
				CLANG_WARN_UNREACHABLE_CODE = YES;
				CLANG_WARN__DUPLICATE_METHOD_MATCH = YES;
				COPY_PHASE_STRIP = NO;
				DEBUG_INFORMATION_FORMAT = dwarf;
				ENABLE_STRICT_OBJC_MSGSEND = YES;
				ENABLE_TESTABILITY = YES;
				ENABLE_USER_SCRIPT_SANDBOXING = YES;
				GCC_C_LANGUAGE_STANDARD = gnu17;
				GCC_DYNAMIC_NO_PIC = NO;
				GCC_NO_COMMON_BLOCKS = YES;
				GCC_OPTIMIZATION_LEVEL = 0;
				GCC_PREPROCESSOR_DEFINITIONS = (
					"DEBUG=1",
					"$(inherited)",
				);
				GCC_WARN_64_TO_32_BIT_CONVERSION = YES;
				GCC_WARN_ABOUT_RETURN_TYPE = YES_ERROR;
				GCC_WARN_UNDECLARED_SELECTOR = YES;
				GCC_WARN_UNINITIALIZED_AUTOS = YES_AGGRESSIVE;
				GCC_WARN_UNUSED_FUNCTION = YES;
				GCC_WARN_UNUSED_VARIABLE = YES;
				IPHONEOS_DEPLOYMENT_TARGET = 17.5;
				LOCALIZATION_PREFERS_STRING_CATALOGS = YES;
				MTL_ENABLE_DEBUG_INFO = INCLUDE_SOURCE;
				MTL_FAST_MATH = YES;
				ONLY_ACTIVE_ARCH = YES;
				SDKROOT = iphoneos;
				SWIFT_ACTIVE_COMPILATION_CONDITIONS = "DEBUG $(inherited)";
				SWIFT_OPTIMIZATION_LEVEL = "-Onone";
			};
			name = Debug;
		};
		0DCDC6212C4C7A3400C03D11 /* Release */ = {
			isa = XCBuildConfiguration;
			buildSettings = {
				ALWAYS_SEARCH_USER_PATHS = NO;
				ASSETCATALOG_COMPILER_GENERATE_SWIFT_ASSET_SYMBOL_EXTENSIONS = YES;
				CLANG_ANALYZER_NONNULL = YES;
				CLANG_ANALYZER_NUMBER_OBJECT_CONVERSION = YES_AGGRESSIVE;
				CLANG_CXX_LANGUAGE_STANDARD = "gnu++20";
				CLANG_ENABLE_MODULES = YES;
				CLANG_ENABLE_OBJC_ARC = YES;
				CLANG_ENABLE_OBJC_WEAK = YES;
				CLANG_WARN_BLOCK_CAPTURE_AUTORELEASING = YES;
				CLANG_WARN_BOOL_CONVERSION = YES;
				CLANG_WARN_COMMA = YES;
				CLANG_WARN_CONSTANT_CONVERSION = YES;
				CLANG_WARN_DEPRECATED_OBJC_IMPLEMENTATIONS = YES;
				CLANG_WARN_DIRECT_OBJC_ISA_USAGE = YES_ERROR;
				CLANG_WARN_DOCUMENTATION_COMMENTS = YES;
				CLANG_WARN_EMPTY_BODY = YES;
				CLANG_WARN_ENUM_CONVERSION = YES;
				CLANG_WARN_INFINITE_RECURSION = YES;
				CLANG_WARN_INT_CONVERSION = YES;
				CLANG_WARN_NON_LITERAL_NULL_CONVERSION = YES;
				CLANG_WARN_OBJC_IMPLICIT_RETAIN_SELF = YES;
				CLANG_WARN_OBJC_LITERAL_CONVERSION = YES;
				CLANG_WARN_OBJC_ROOT_CLASS = YES_ERROR;
				CLANG_WARN_QUOTED_INCLUDE_IN_FRAMEWORK_HEADER = YES;
				CLANG_WARN_RANGE_LOOP_ANALYSIS = YES;
				CLANG_WARN_STRICT_PROTOTYPES = YES;
				CLANG_WARN_SUSPICIOUS_MOVE = YES;
				CLANG_WARN_UNGUARDED_AVAILABILITY = YES_AGGRESSIVE;
				CLANG_WARN_UNREACHABLE_CODE = YES;
				CLANG_WARN__DUPLICATE_METHOD_MATCH = YES;
				COPY_PHASE_STRIP = NO;
				DEBUG_INFORMATION_FORMAT = "dwarf-with-dsym";
				ENABLE_NS_ASSERTIONS = NO;
				ENABLE_STRICT_OBJC_MSGSEND = YES;
				ENABLE_USER_SCRIPT_SANDBOXING = YES;
				GCC_C_LANGUAGE_STANDARD = gnu17;
				GCC_NO_COMMON_BLOCKS = YES;
				GCC_WARN_64_TO_32_BIT_CONVERSION = YES;
				GCC_WARN_ABOUT_RETURN_TYPE = YES_ERROR;
				GCC_WARN_UNDECLARED_SELECTOR = YES;
				GCC_WARN_UNINITIALIZED_AUTOS = YES_AGGRESSIVE;
				GCC_WARN_UNUSED_FUNCTION = YES;
				GCC_WARN_UNUSED_VARIABLE = YES;
				IPHONEOS_DEPLOYMENT_TARGET = 17.5;
				LOCALIZATION_PREFERS_STRING_CATALOGS = YES;
				MTL_ENABLE_DEBUG_INFO = NO;
				MTL_FAST_MATH = YES;
				SDKROOT = iphoneos;
				SWIFT_COMPILATION_MODE = wholemodule;
				VALIDATE_PRODUCT = YES;
			};
			name = Release;
		};
		0DCDC6232C4C7A3400C03D11 /* Debug */ = {
			isa = XCBuildConfiguration;
			buildSettings = {
				ASSETCATALOG_COMPILER_APPICON_NAME = AppIcon;
				ASSETCATALOG_COMPILER_GLOBAL_ACCENT_COLOR_NAME = AccentColor;
				CODE_SIGN_STYLE = Automatic;
				CURRENT_PROJECT_VERSION = 1;
				DEVELOPMENT_ASSET_PATHS = "\"DessertRecipesByAbby/Preview Content\"";
				DEVELOPMENT_TEAM = 5U75DN3PWM;
				ENABLE_PREVIEWS = YES;
				GENERATE_INFOPLIST_FILE = YES;
				INFOPLIST_KEY_UIApplicationSceneManifest_Generation = YES;
				INFOPLIST_KEY_UIApplicationSupportsIndirectInputEvents = YES;
				INFOPLIST_KEY_UILaunchScreen_Generation = YES;
				INFOPLIST_KEY_UISupportedInterfaceOrientations_iPad = "UIInterfaceOrientationPortrait UIInterfaceOrientationPortraitUpsideDown UIInterfaceOrientationLandscapeLeft UIInterfaceOrientationLandscapeRight";
				INFOPLIST_KEY_UISupportedInterfaceOrientations_iPhone = "UIInterfaceOrientationPortrait UIInterfaceOrientationLandscapeLeft UIInterfaceOrientationLandscapeRight";
				LD_RUNPATH_SEARCH_PATHS = (
					"$(inherited)",
					"@executable_path/Frameworks",
				);
				MARKETING_VERSION = 1.0;
				PRODUCT_BUNDLE_IDENTIFIER = yliu204.DessertRecipesByAbby;
				PRODUCT_NAME = "$(TARGET_NAME)";
				SWIFT_EMIT_LOC_STRINGS = YES;
				SWIFT_VERSION = 5.0;
				TARGETED_DEVICE_FAMILY = "1,2";
			};
			name = Debug;
		};
		0DCDC6242C4C7A3400C03D11 /* Release */ = {
			isa = XCBuildConfiguration;
			buildSettings = {
				ASSETCATALOG_COMPILER_APPICON_NAME = AppIcon;
				ASSETCATALOG_COMPILER_GLOBAL_ACCENT_COLOR_NAME = AccentColor;
				CODE_SIGN_STYLE = Automatic;
				CURRENT_PROJECT_VERSION = 1;
				DEVELOPMENT_ASSET_PATHS = "\"DessertRecipesByAbby/Preview Content\"";
				DEVELOPMENT_TEAM = 5U75DN3PWM;
				ENABLE_PREVIEWS = YES;
				GENERATE_INFOPLIST_FILE = YES;
				INFOPLIST_KEY_UIApplicationSceneManifest_Generation = YES;
				INFOPLIST_KEY_UIApplicationSupportsIndirectInputEvents = YES;
				INFOPLIST_KEY_UILaunchScreen_Generation = YES;
				INFOPLIST_KEY_UISupportedInterfaceOrientations_iPad = "UIInterfaceOrientationPortrait UIInterfaceOrientationPortraitUpsideDown UIInterfaceOrientationLandscapeLeft UIInterfaceOrientationLandscapeRight";
				INFOPLIST_KEY_UISupportedInterfaceOrientations_iPhone = "UIInterfaceOrientationPortrait UIInterfaceOrientationLandscapeLeft UIInterfaceOrientationLandscapeRight";
				LD_RUNPATH_SEARCH_PATHS = (
					"$(inherited)",
					"@executable_path/Frameworks",
				);
				MARKETING_VERSION = 1.0;
				PRODUCT_BUNDLE_IDENTIFIER = yliu204.DessertRecipesByAbby;
				PRODUCT_NAME = "$(TARGET_NAME)";
				SWIFT_EMIT_LOC_STRINGS = YES;
				SWIFT_VERSION = 5.0;
				TARGETED_DEVICE_FAMILY = "1,2";
			};
			name = Release;
		};
/* End XCBuildConfiguration section */

/* Begin XCConfigurationList section */
		0DCDC60F2C4C7A3300C03D11 /* Build configuration list for PBXProject "DessertRecipesByAbby" */ = {
			isa = XCConfigurationList;
			buildConfigurations = (
				0DCDC6202C4C7A3400C03D11 /* Debug */,
				0DCDC6212C4C7A3400C03D11 /* Release */,
			);
			defaultConfigurationIsVisible = 0;
			defaultConfigurationName = Release;
		};
		0DCDC6222C4C7A3400C03D11 /* Build configuration list for PBXNativeTarget "DessertRecipesByAbby" */ = {
			isa = XCConfigurationList;
			buildConfigurations = (
				0DCDC6232C4C7A3400C03D11 /* Debug */,
				0DCDC6242C4C7A3400C03D11 /* Release */,
			);
			defaultConfigurationIsVisible = 0;
			defaultConfigurationName = Release;
		};
/* End XCConfigurationList section */
	};
	rootObject = 0DCDC60C2C4C7A3300C03D11 /* Project object */;
}
